// !$*UTF8*$!
{
	archiveVersion = 1;
	classes = {
	};
	objectVersion = 46;
	objects = {

/* Begin PBXBuildFile section */
		DF12CBDF1A55E1720054316E /* AstronomicalData.m in Sources */ = {isa = PBXBuildFile; fileRef = DF12CBDE1A55E1720054316E /* AstronomicalData.m */; };
		DF12CBE21A55EF3F0054316E /* spaceObject.m in Sources */ = {isa = PBXBuildFile; fileRef = DF12CBE11A55EF3F0054316E /* spaceObject.m */; };
		DF12CBEE1A55EFD00054316E /* Earth.jpg in Resources */ = {isa = PBXBuildFile; fileRef = DF12CBE41A55EFD00054316E /* Earth.jpg */; };
		DF12CBEF1A55EFD00054316E /* EinsteinRing.jpg in Resources */ = {isa = PBXBuildFile; fileRef = DF12CBE51A55EFD00054316E /* EinsteinRing.jpg */; };
		DF12CBF01A55EFD00054316E /* Jupiter.jpg in Resources */ = {isa = PBXBuildFile; fileRef = DF12CBE61A55EFD00054316E /* Jupiter.jpg */; };
		DF12CBF11A55EFD00054316E /* Mars.jpg in Resources */ = {isa = PBXBuildFile; fileRef = DF12CBE71A55EFD00054316E /* Mars.jpg */; };
		DF12CBF21A55EFD00054316E /* Mercury.jpg in Resources */ = {isa = PBXBuildFile; fileRef = DF12CBE81A55EFD00054316E /* Mercury.jpg */; };
		DF12CBF31A55EFD00054316E /* Neptune.jpg in Resources */ = {isa = PBXBuildFile; fileRef = DF12CBE91A55EFD00054316E /* Neptune.jpg */; };
		DF12CBF41A55EFD00054316E /* Orion.jpg in Resources */ = {isa = PBXBuildFile; fileRef = DF12CBEA1A55EFD00054316E /* Orion.jpg */; };
		DF12CBF51A55EFD00054316E /* Saturn.jpg in Resources */ = {isa = PBXBuildFile; fileRef = DF12CBEB1A55EFD00054316E /* Saturn.jpg */; };
		DF12CBF61A55EFD00054316E /* Uranus.jpg in Resources */ = {isa = PBXBuildFile; fileRef = DF12CBEC1A55EFD00054316E /* Uranus.jpg */; };
		DF12CBF71A55EFD00054316E /* Venus.jpg in Resources */ = {isa = PBXBuildFile; fileRef = DF12CBED1A55EFD00054316E /* Venus.jpg */; };
		DF3D6DA41A59EB1100EE3D09 /* testOnly.m in Sources */ = {isa = PBXBuildFile; fileRef = DF3D6DA31A59EB1100EE3D09 /* testOnly.m */; };
		DF5B34561A55148E00778433 /* main.m in Sources */ = {isa = PBXBuildFile; fileRef = DF5B34551A55148E00778433 /* main.m */; };
		DF5B34591A55148E00778433 /* AppDelegate.m in Sources */ = {isa = PBXBuildFile; fileRef = DF5B34581A55148E00778433 /* AppDelegate.m */; };
		DF5B345F1A55148E00778433 /* Main.storyboard in Resources */ = {isa = PBXBuildFile; fileRef = DF5B345D1A55148E00778433 /* Main.storyboard */; };
		DF5B34611A55148E00778433 /* Images.xcassets in Resources */ = {isa = PBXBuildFile; fileRef = DF5B34601A55148E00778433 /* Images.xcassets */; };
		DF5B34641A55148E00778433 /* LaunchScreen.xib in Resources */ = {isa = PBXBuildFile; fileRef = DF5B34621A55148E00778433 /* LaunchScreen.xib */; };
		DF5B34701A55148F00778433 /* Planets_in_Solar_SystemTests.m in Sources */ = {isa = PBXBuildFile; fileRef = DF5B346F1A55148F00778433 /* Planets_in_Solar_SystemTests.m */; };
		DF5B34811A55165C00778433 /* PlanetsTableVC.m in Sources */ = {isa = PBXBuildFile; fileRef = DF5B34801A55165C00778433 /* PlanetsTableVC.m */; };
		DF6FCE8E1A56432900779589 /* solarData.m in Sources */ = {isa = PBXBuildFile; fileRef = DF6FCE8D1A56432900779589 /* solarData.m */; };
/* End PBXBuildFile section */

/* Begin PBXContainerItemProxy section */
		DF5B346A1A55148F00778433 /* PBXContainerItemProxy */ = {
			isa = PBXContainerItemProxy;
			containerPortal = DF5B34481A55148E00778433 /* Project object */;
			proxyType = 1;
			remoteGlobalIDString = DF5B344F1A55148E00778433;
			remoteInfo = "Planets in Solar System";
		};
/* End PBXContainerItemProxy section */

/* Begin PBXFileReference section */
		DF12CBDD1A55E1720054316E /* AstronomicalData.h */ = {isa = PBXFileReference; fileEncoding = 4; lastKnownFileType = sourcecode.c.h; path = AstronomicalData.h; sourceTree = "<group>"; };
		DF12CBDE1A55E1720054316E /* AstronomicalData.m */ = {isa = PBXFileReference; fileEncoding = 4; lastKnownFileType = sourcecode.c.objc; path = AstronomicalData.m; sourceTree = "<group>"; };
		DF12CBE01A55EF3F0054316E /* spaceObject.h */ = {isa = PBXFileReference; fileEncoding = 4; lastKnownFileType = sourcecode.c.h; path = spaceObject.h; sourceTree = "<group>"; };
		DF12CBE11A55EF3F0054316E /* spaceObject.m */ = {isa = PBXFileReference; fileEncoding = 4; lastKnownFileType = sourcecode.c.objc; path = spaceObject.m; sourceTree = "<group>"; };
		DF12CBE41A55EFD00054316E /* Earth.jpg */ = {isa = PBXFileReference; lastKnownFileType = image.jpeg; path = Earth.jpg; sourceTree = "<group>"; };
		DF12CBE51A55EFD00054316E /* EinsteinRing.jpg */ = {isa = PBXFileReference; lastKnownFileType = image.jpeg; path = EinsteinRing.jpg; sourceTree = "<group>"; };
		DF12CBE61A55EFD00054316E /* Jupiter.jpg */ = {isa = PBXFileReference; lastKnownFileType = image.jpeg; path = Jupiter.jpg; sourceTree = "<group>"; };
		DF12CBE71A55EFD00054316E /* Mars.jpg */ = {isa = PBXFileReference; lastKnownFileType = image.jpeg; path = Mars.jpg; sourceTree = "<group>"; };
		DF12CBE81A55EFD00054316E /* Mercury.jpg */ = {isa = PBXFileReference; lastKnownFileType = image.jpeg; path = Mercury.jpg; sourceTree = "<group>"; };
		DF12CBE91A55EFD00054316E /* Neptune.jpg */ = {isa = PBXFileReference; lastKnownFileType = image.jpeg; path = Neptune.jpg; sourceTree = "<group>"; };
		DF12CBEA1A55EFD00054316E /* Orion.jpg */ = {isa = PBXFileReference; lastKnownFileType = image.jpeg; path = Orion.jpg; sourceTree = "<group>"; };
		DF12CBEB1A55EFD00054316E /* Saturn.jpg */ = {isa = PBXFileReference; lastKnownFileType = image.jpeg; path = Saturn.jpg; sourceTree = "<group>"; };
		DF12CBEC1A55EFD00054316E /* Uranus.jpg */ = {isa = PBXFileReference; lastKnownFileType = image.jpeg; path = Uranus.jpg; sourceTree = "<group>"; };
		DF12CBED1A55EFD00054316E /* Venus.jpg */ = {isa = PBXFileReference; lastKnownFileType = image.jpeg; path = Venus.jpg; sourceTree = "<group>"; };
		DF3D6DA21A59EB1100EE3D09 /* testOnly.h */ = {isa = PBXFileReference; fileEncoding = 4; lastKnownFileType = sourcecode.c.h; path = testOnly.h; sourceTree = "<group>"; };
		DF3D6DA31A59EB1100EE3D09 /* testOnly.m */ = {isa = PBXFileReference; fileEncoding = 4; lastKnownFileType = sourcecode.c.objc; path = testOnly.m; sourceTree = "<group>"; };
		DF5B34501A55148E00778433 /* Planets in Solar System.app */ = {isa = PBXFileReference; explicitFileType = wrapper.application; includeInIndex = 0; path = "Planets in Solar System.app"; sourceTree = BUILT_PRODUCTS_DIR; };
		DF5B34541A55148E00778433 /* Info.plist */ = {isa = PBXFileReference; lastKnownFileType = text.plist.xml; path = Info.plist; sourceTree = "<group>"; };
		DF5B34551A55148E00778433 /* main.m */ = {isa = PBXFileReference; lastKnownFileType = sourcecode.c.objc; path = main.m; sourceTree = "<group>"; };
		DF5B34571A55148E00778433 /* AppDelegate.h */ = {isa = PBXFileReference; lastKnownFileType = sourcecode.c.h; path = AppDelegate.h; sourceTree = "<group>"; };
		DF5B34581A55148E00778433 /* AppDelegate.m */ = {isa = PBXFileReference; lastKnownFileType = sourcecode.c.objc; path = AppDelegate.m; sourceTree = "<group>"; };
		DF5B345E1A55148E00778433 /* Base */ = {isa = PBXFileReference; lastKnownFileType = file.storyboard; name = Base; path = Base.lproj/Main.storyboard; sourceTree = "<group>"; };
		DF5B34601A55148E00778433 /* Images.xcassets */ = {isa = PBXFileReference; lastKnownFileType = folder.assetcatalog; path = Images.xcassets; sourceTree = "<group>"; };
		DF5B34631A55148E00778433 /* Base */ = {isa = PBXFileReference; lastKnownFileType = file.xib; name = Base; path = Base.lproj/LaunchScreen.xib; sourceTree = "<group>"; };
		DF5B34691A55148F00778433 /* Planets in Solar SystemTests.xctest */ = {isa = PBXFileReference; explicitFileType = wrapper.cfbundle; includeInIndex = 0; path = "Planets in Solar SystemTests.xctest"; sourceTree = BUILT_PRODUCTS_DIR; };
		DF5B346E1A55148F00778433 /* Info.plist */ = {isa = PBXFileReference; lastKnownFileType = text.plist.xml; path = Info.plist; sourceTree = "<group>"; };
		DF5B346F1A55148F00778433 /* Planets_in_Solar_SystemTests.m */ = {isa = PBXFileReference; lastKnownFileType = sourcecode.c.objc; path = Planets_in_Solar_SystemTests.m; sourceTree = "<group>"; };
		DF5B347F1A55165C00778433 /* PlanetsTableVC.h */ = {isa = PBXFileReference; fileEncoding = 4; lastKnownFileType = sourcecode.c.h; path = PlanetsTableVC.h; sourceTree = "<group>"; };
		DF5B34801A55165C00778433 /* PlanetsTableVC.m */ = {isa = PBXFileReference; fileEncoding = 4; lastKnownFileType = sourcecode.c.objc; path = PlanetsTableVC.m; sourceTree = "<group>"; };
		DF6FCE8C1A56432900779589 /* solarData.h */ = {isa = PBXFileReference; fileEncoding = 4; lastKnownFileType = sourcecode.c.h; path = solarData.h; sourceTree = "<group>"; };
		DF6FCE8D1A56432900779589 /* solarData.m */ = {isa = PBXFileReference; fileEncoding = 4; lastKnownFileType = sourcecode.c.objc; path = solarData.m; sourceTree = "<group>"; };
/* End PBXFileReference section */

/* Begin PBXFrameworksBuildPhase section */
		DF5B344D1A55148E00778433 /* Frameworks */ = {
			isa = PBXFrameworksBuildPhase;
			buildActionMask = 2147483647;
			files = (
			);
			runOnlyForDeploymentPostprocessing = 0;
		};
		DF5B34661A55148F00778433 /* Frameworks */ = {
			isa = PBXFrameworksBuildPhase;
			buildActionMask = 2147483647;
			files = (
			);
			runOnlyForDeploymentPostprocessing = 0;
		};
/* End PBXFrameworksBuildPhase section */

/* Begin PBXGroup section */
		DF12CBE31A55EFD00054316E /* space images */ = {
			isa = PBXGroup;
			children = (
				DF12CBE41A55EFD00054316E /* Earth.jpg */,
				DF12CBE51A55EFD00054316E /* EinsteinRing.jpg */,
				DF12CBE61A55EFD00054316E /* Jupiter.jpg */,
				DF12CBE71A55EFD00054316E /* Mars.jpg */,
				DF12CBE81A55EFD00054316E /* Mercury.jpg */,
				DF12CBE91A55EFD00054316E /* Neptune.jpg */,
				DF12CBEA1A55EFD00054316E /* Orion.jpg */,
				DF12CBEB1A55EFD00054316E /* Saturn.jpg */,
				DF12CBEC1A55EFD00054316E /* Uranus.jpg */,
				DF12CBED1A55EFD00054316E /* Venus.jpg */,
			);
			name = "space images";
			path = "115 space images";
			sourceTree = "<group>";
		};
		DF5B34471A55148E00778433 = {
			isa = PBXGroup;
			children = (
				DF5B34521A55148E00778433 /* Planets in Solar System */,
				DF5B346C1A55148F00778433 /* Planets in Solar SystemTests */,
				DF5B34511A55148E00778433 /* Products */,
			);
			sourceTree = "<group>";
		};
		DF5B34511A55148E00778433 /* Products */ = {
			isa = PBXGroup;
			children = (
				DF5B34501A55148E00778433 /* Planets in Solar System.app */,
				DF5B34691A55148F00778433 /* Planets in Solar SystemTests.xctest */,
			);
			name = Products;
			sourceTree = "<group>";
		};
		DF5B34521A55148E00778433 /* Planets in Solar System */ = {
			isa = PBXGroup;
			children = (
				DF5B34571A55148E00778433 /* AppDelegate.h */,
				DF5B34581A55148E00778433 /* AppDelegate.m */,
				DF5B345D1A55148E00778433 /* Main.storyboard */,
				DF5B347F1A55165C00778433 /* PlanetsTableVC.h */,
				DF5B34801A55165C00778433 /* PlanetsTableVC.m */,
				DF12CBE01A55EF3F0054316E /* spaceObject.h */,
				DF12CBE11A55EF3F0054316E /* spaceObject.m */,
				DF3D6DA21A59EB1100EE3D09 /* testOnly.h */,
				DF3D6DA31A59EB1100EE3D09 /* testOnly.m */,
				DF5B34601A55148E00778433 /* Images.xcassets */,
				DF5B34621A55148E00778433 /* LaunchScreen.xib */,
				DF5B34531A55148E00778433 /* Supporting Files */,
			);
			path = "Planets in Solar System";
			sourceTree = "<group>";
		};
		DF5B34531A55148E00778433 /* Supporting Files */ = {
			isa = PBXGroup;
			children = (
				DF12CBE31A55EFD00054316E /* space images */,
				DF12CBDD1A55E1720054316E /* AstronomicalData.h */,
				DF12CBDE1A55E1720054316E /* AstronomicalData.m */,
				DF6FCE8C1A56432900779589 /* solarData.h */,
				DF6FCE8D1A56432900779589 /* solarData.m */,
				DF5B34541A55148E00778433 /* Info.plist */,
				DF5B34551A55148E00778433 /* main.m */,
			);
			name = "Supporting Files";
			sourceTree = "<group>";
		};
		DF5B346C1A55148F00778433 /* Planets in Solar SystemTests */ = {
			isa = PBXGroup;
			children = (
				DF5B346F1A55148F00778433 /* Planets_in_Solar_SystemTests.m */,
				DF5B346D1A55148F00778433 /* Supporting Files */,
			);
			path = "Planets in Solar SystemTests";
			sourceTree = "<group>";
		};
		DF5B346D1A55148F00778433 /* Supporting Files */ = {
			isa = PBXGroup;
			children = (
				DF5B346E1A55148F00778433 /* Info.plist */,
			);
			name = "Supporting Files";
			sourceTree = "<group>";
		};
/* End PBXGroup section */

/* Begin PBXNativeTarget section */
		DF5B344F1A55148E00778433 /* Planets in Solar System */ = {
			isa = PBXNativeTarget;
			buildConfigurationList = DF5B34731A55148F00778433 /* Build configuration list for PBXNativeTarget "Planets in Solar System" */;
			buildPhases = (
				DF5B344C1A55148E00778433 /* Sources */,
				DF5B344D1A55148E00778433 /* Frameworks */,
				DF5B344E1A55148E00778433 /* Resources */,
			);
			buildRules = (
			);
			dependencies = (
			);
			name = "Planets in Solar System";
			productName = "Planets in Solar System";
			productReference = DF5B34501A55148E00778433 /* Planets in Solar System.app */;
			productType = "com.apple.product-type.application";
		};
		DF5B34681A55148F00778433 /* Planets in Solar SystemTests */ = {
			isa = PBXNativeTarget;
			buildConfigurationList = DF5B34761A55148F00778433 /* Build configuration list for PBXNativeTarget "Planets in Solar SystemTests" */;
			buildPhases = (
				DF5B34651A55148F00778433 /* Sources */,
				DF5B34661A55148F00778433 /* Frameworks */,
				DF5B34671A55148F00778433 /* Resources */,
			);
			buildRules = (
			);
			dependencies = (
				DF5B346B1A55148F00778433 /* PBXTargetDependency */,
			);
			name = "Planets in Solar SystemTests";
			productName = "Planets in Solar SystemTests";
			productReference = DF5B34691A55148F00778433 /* Planets in Solar SystemTests.xctest */;
			productType = "com.apple.product-type.bundle.unit-test";
		};
/* End PBXNativeTarget section */

/* Begin PBXProject section */
		DF5B34481A55148E00778433 /* Project object */ = {
			isa = PBXProject;
			attributes = {
				LastUpgradeCheck = 0610;
				ORGANIZATIONNAME = maptier;
				TargetAttributes = {
					DF5B344F1A55148E00778433 = {
						CreatedOnToolsVersion = 6.1.1;
						DevelopmentTeam = 982NFH5K2L;
					};
					DF5B34681A55148F00778433 = {
						CreatedOnToolsVersion = 6.1.1;
						DevelopmentTeam = 982NFH5K2L;
						TestTargetID = DF5B344F1A55148E00778433;
					};
				};
			};
			buildConfigurationList = DF5B344B1A55148E00778433 /* Build configuration list for PBXProject "Planets in Solar System" */;
			compatibilityVersion = "Xcode 3.2";
			developmentRegion = English;
			hasScannedForEncodings = 0;
			knownRegions = (
				en,
				Base,
			);
			mainGroup = DF5B34471A55148E00778433;
			productRefGroup = DF5B34511A55148E00778433 /* Products */;
			projectDirPath = "";
			projectRoot = "";
			targets = (
				DF5B344F1A55148E00778433 /* Planets in Solar System */,
				DF5B34681A55148F00778433 /* Planets in Solar SystemTests */,
			);
		};
/* End PBXProject section */

/* Begin PBXResourcesBuildPhase section */
		DF5B344E1A55148E00778433 /* Resources */ = {
			isa = PBXResourcesBuildPhase;
			buildActionMask = 2147483647;
			files = (
				DF12CBEE1A55EFD00054316E /* Earth.jpg in Resources */,
				DF12CBF71A55EFD00054316E /* Venus.jpg in Resources */,
				DF12CBF21A55EFD00054316E /* Mercury.jpg in Resources */,
				DF12CBF51A55EFD00054316E /* Saturn.jpg in Resources */,
				DF12CBF61A55EFD00054316E /* Uranus.jpg in Resources */,
				DF5B345F1A55148E00778433 /* Main.storyboard in Resources */,
				DF12CBF31A55EFD00054316E /* Neptune.jpg in Resources */,
				DF12CBF11A55EFD00054316E /* Mars.jpg in Resources */,
				DF5B34641A55148E00778433 /* LaunchScreen.xib in Resources */,
				DF5B34611A55148E00778433 /* Images.xcassets in Resources */,
				DF12CBEF1A55EFD00054316E /* EinsteinRing.jpg in Resources */,
				DF12CBF01A55EFD00054316E /* Jupiter.jpg in Resources */,
				DF12CBF41A55EFD00054316E /* Orion.jpg in Resources */,
			);
			runOnlyForDeploymentPostprocessing = 0;
		};
		DF5B34671A55148F00778433 /* Resources */ = {
			isa = PBXResourcesBuildPhase;
			buildActionMask = 2147483647;
			files = (
			);
			runOnlyForDeploymentPostprocessing = 0;
		};
/* End PBXResourcesBuildPhase section */

/* Begin PBXSourcesBuildPhase section */
		DF5B344C1A55148E00778433 /* Sources */ = {
			isa = PBXSourcesBuildPhase;
			buildActionMask = 2147483647;
			files = (
				DF5B34591A55148E00778433 /* AppDelegate.m in Sources */,
				DF3D6DA41A59EB1100EE3D09 /* testOnly.m in Sources */,
				DF12CBE21A55EF3F0054316E /* spaceObject.m in Sources */,
				DF5B34561A55148E00778433 /* main.m in Sources */,
				DF6FCE8E1A56432900779589 /* solarData.m in Sources */,
				DF5B34811A55165C00778433 /* PlanetsTableVC.m in Sources */,
				DF12CBDF1A55E1720054316E /* AstronomicalData.m in Sources */,
			);
			runOnlyForDeploymentPostprocessing = 0;
		};
		DF5B34651A55148F00778433 /* Sources */ = {
			isa = PBXSourcesBuildPhase;
			buildActionMask = 2147483647;
			files = (
				DF5B34701A55148F00778433 /* Planets_in_Solar_SystemTests.m in Sources */,
			);
			runOnlyForDeploymentPostprocessing = 0;
		};
/* End PBXSourcesBuildPhase section */

/* Begin PBXTargetDependency section */
		DF5B346B1A55148F00778433 /* PBXTargetDependency */ = {
			isa = PBXTargetDependency;
			target = DF5B344F1A55148E00778433 /* Planets in Solar System */;
			targetProxy = DF5B346A1A55148F00778433 /* PBXContainerItemProxy */;
		};
/* End PBXTargetDependency section */

/* Begin PBXVariantGroup section */
		DF5B345D1A55148E00778433 /* Main.storyboard */ = {
			isa = PBXVariantGroup;
			children = (
				DF5B345E1A55148E00778433 /* Base */,
			);
			name = Main.storyboard;
			sourceTree = "<group>";
		};
		DF5B34621A55148E00778433 /* LaunchScreen.xib */ = {
			isa = PBXVariantGroup;
			children = (
				DF5B34631A55148E00778433 /* Base */,
			);
			name = LaunchScreen.xib;
			sourceTree = "<group>";
		};
/* End PBXVariantGroup section */

/* Begin XCBuildConfiguration section */
		DF5B34711A55148F00778433 /* Debug */ = {
			isa = XCBuildConfiguration;
			buildSettings = {
				ALWAYS_SEARCH_USER_PATHS = NO;
				CLANG_CXX_LANGUAGE_STANDARD = "gnu++0x";
				CLANG_CXX_LIBRARY = "libc++";
				CLANG_ENABLE_MODULES = YES;
				CLANG_ENABLE_OBJC_ARC = YES;
				CLANG_WARN_BOOL_CONVERSION = YES;
				CLANG_WARN_CONSTANT_CONVERSION = YES;
				CLANG_WARN_DIRECT_OBJC_ISA_USAGE = YES_ERROR;
				CLANG_WARN_EMPTY_BODY = YES;
				CLANG_WARN_ENUM_CONVERSION = YES;
				CLANG_WARN_INT_CONVERSION = YES;
				CLANG_WARN_OBJC_ROOT_CLASS = YES_ERROR;
				CLANG_WARN_UNREACHABLE_CODE = YES;
				CLANG_WARN__DUPLICATE_METHOD_MATCH = YES;
				"CODE_SIGN_IDENTITY[sdk=iphoneos*]" = "iPhone Developer";
				COPY_PHASE_STRIP = NO;
				ENABLE_STRICT_OBJC_MSGSEND = YES;
				GCC_C_LANGUAGE_STANDARD = gnu99;
				GCC_DYNAMIC_NO_PIC = NO;
				GCC_OPTIMIZATION_LEVEL = 0;
				GCC_PREPROCESSOR_DEFINITIONS = (
					"DEBUG=1",
					"$(inherited)",
				);
				GCC_SYMBOLS_PRIVATE_EXTERN = NO;
				GCC_WARN_64_TO_32_BIT_CONVERSION = YES;
				GCC_WARN_ABOUT_RETURN_TYPE = YES_ERROR;
				GCC_WARN_UNDECLARED_SELECTOR = YES;
				GCC_WARN_UNINITIALIZED_AUTOS = YES_AGGRESSIVE;
				GCC_WARN_UNUSED_FUNCTION = YES;
				GCC_WARN_UNUSED_VARIABLE = YES;
				IPHONEOS_DEPLOYMENT_TARGET = 8.1;
				MTL_ENABLE_DEBUG_INFO = YES;
				ONLY_ACTIVE_ARCH = YES;
				SDKROOT = iphoneos;
			};
			name = Debug;
		};
		DF5B34721A55148F00778433 /* Release */ = {
			isa = XCBuildConfiguration;
			buildSettings = {
				ALWAYS_SEARCH_USER_PATHS = NO;
				CLANG_CXX_LANGUAGE_STANDARD = "gnu++0x";
				CLANG_CXX_LIBRARY = "libc++";
				CLANG_ENABLE_MODULES = YES;
				CLANG_ENABLE_OBJC_ARC = YES;
				CLANG_WARN_BOOL_CONVERSION = YES;
				CLANG_WARN_CONSTANT_CONVERSION = YES;
				CLANG_WARN_DIRECT_OBJC_ISA_USAGE = YES_ERROR;
				CLANG_WARN_EMPTY_BODY = YES;
				CLANG_WARN_ENUM_CONVERSION = YES;
				CLANG_WARN_INT_CONVERSION = YES;
				CLANG_WARN_OBJC_ROOT_CLASS = YES_ERROR;
				CLANG_WARN_UNREACHABLE_CODE = YES;
				CLANG_WARN__DUPLICATE_METHOD_MATCH = YES;
				"CODE_SIGN_IDENTITY[sdk=iphoneos*]" = "iPhone Developer";
				COPY_PHASE_STRIP = YES;
				ENABLE_NS_ASSERTIONS = NO;
				ENABLE_STRICT_OBJC_MSGSEND = YES;
				GCC_C_LANGUAGE_STANDARD = gnu99;
				GCC_WARN_64_TO_32_BIT_CONVERSION = YES;
				GCC_WARN_ABOUT_RETURN_TYPE = YES_ERROR;
				GCC_WARN_UNDECLARED_SELECTOR = YES;
				GCC_WARN_UNINITIALIZED_AUTOS = YES_AGGRESSIVE;
				GCC_WARN_UNUSED_FUNCTION = YES;
				GCC_WARN_UNUSED_VARIABLE = YES;
				IPHONEOS_DEPLOYMENT_TARGET = 8.1;
				MTL_ENABLE_DEBUG_INFO = NO;
				SDKROOT = iphoneos;
				VALIDATE_PRODUCT = YES;
			};
			name = Release;
		};
		DF5B34741A55148F00778433 /* Debug */ = {
			isa = XCBuildConfiguration;
			buildSettings = {
				ASSETCATALOG_COMPILER_APPICON_NAME = AppIcon;
				INFOPLIST_FILE = "Planets in Solar System/Info.plist";
				LD_RUNPATH_SEARCH_PATHS = "$(inherited) @executable_path/Frameworks";
				PRODUCT_NAME = "$(TARGET_NAME)";
			};
			name = Debug;
		};
		DF5B34751A55148F00778433 /* Release */ = {
			isa = XCBuildConfiguration;
			buildSettings = {
				ASSETCATALOG_COMPILER_APPICON_NAME = AppIcon;
				INFOPLIST_FILE = "Planets in Solar System/Info.plist";
				LD_RUNPATH_SEARCH_PATHS = "$(inherited) @executable_path/Frameworks";
				PRODUCT_NAME = "$(TARGET_NAME)";
			};
			name = Release;
		};
		DF5B34771A55148F00778433 /* Debug */ = {
			isa = XCBuildConfiguration;
			buildSettings = {
				BUNDLE_LOADER = "$(TEST_HOST)";
				CODE_SIGN_IDENTITY = "iPhone Developer";
				"CODE_SIGN_IDENTITY[sdk=iphoneos*]" = "iPhone Developer";
				FRAMEWORK_SEARCH_PATHS = (
					"$(SDKROOT)/Developer/Library/Frameworks",
					"$(inherited)",
				);
				GCC_PREPROCESSOR_DEFINITIONS = (
					"DEBUG=1",
					"$(inherited)",
				);
				INFOPLIST_FILE = "Planets in Solar SystemTests/Info.plist";
				LD_RUNPATH_SEARCH_PATHS = "$(inherited) @executable_path/Frameworks @loader_path/Frameworks";
				PRODUCT_NAME = "$(TARGET_NAME)";
				PROVISIONING_PROFILE = "";
				TEST_HOST = "$(BUILT_PRODUCTS_DIR)/Planets in Solar System.app/Planets in Solar System";
			};
			name = Debug;
		};
		DF5B34781A55148F00778433 /* Release */ = {
			isa = XCBuildConfiguration;
			buildSettings = {
				BUNDLE_LOADER = "$(TEST_HOST)";
				CODE_SIGN_IDENTITY = "iPhone Developer";
				"CODE_SIGN_IDENTITY[sdk=iphoneos*]" = "iPhone Developer";
				FRAMEWORK_SEARCH_PATHS = (
					"$(SDKROOT)/Developer/Library/Frameworks",
					"$(inherited)",
				);
				INFOPLIST_FILE = "Planets in Solar SystemTests/Info.plist";
				LD_RUNPATH_SEARCH_PATHS = "$(inherited) @executable_path/Frameworks @loader_path/Frameworks";
				PRODUCT_NAME = "$(TARGET_NAME)";
				PROVISIONING_PROFILE = "";
				TEST_HOST = "$(BUILT_PRODUCTS_DIR)/Planets in Solar System.app/Planets in Solar System";
			};
			name = Release;
		};
/* End XCBuildConfiguration section */

/* Begin XCConfigurationList section */
		DF5B344B1A55148E00778433 /* Build configuration list for PBXProject "Planets in Solar System" */ = {
			isa = XCConfigurationList;
			buildConfigurations = (
				DF5B34711A55148F00778433 /* Debug */,
				DF5B34721A55148F00778433 /* Release */,
			);
			defaultConfigurationIsVisible = 0;
			defaultConfigurationName = Release;
		};
		DF5B34731A55148F00778433 /* Build configuration list for PBXNativeTarget "Planets in Solar System" */ = {
			isa = XCConfigurationList;
			buildConfigurations = (
				DF5B34741A55148F00778433 /* Debug */,
				DF5B34751A55148F00778433 /* Release */,
			);
			defaultConfigurationIsVisible = 0;
			defaultConfigurationName = Release;
		};
		DF5B34761A55148F00778433 /* Build configuration list for PBXNativeTarget "Planets in Solar SystemTests" */ = {
			isa = XCConfigurationList;
			buildConfigurations = (
				DF5B34771A55148F00778433 /* Debug */,
				DF5B34781A55148F00778433 /* Release */,
			);
			defaultConfigurationIsVisible = 0;
			defaultConfigurationName = Release;
		};
/* End XCConfigurationList section */
	};
	rootObject = DF5B34481A55148E00778433 /* Project object */;
}
